{
  "R": {
    "Version": "3.6.0",
    "Repositories": [
      {
        "Name": "RSPM",
        "URL": "https://packagemanager.posit.co/cran/2019-04-25"
      }
    ]
  },
  "Packages": {
    "renv": {
      "Package": "renv",
      "Version": "1.0.4",
      "Source": "Repository",
      "Repository": "CRAN",
      "Requirements": [
        "utils"
      ],
      "Hash": "11abaf7c540ff33f94514d50f929bfd1"
    }
  }
}
